// !$*UTF8*$!
{
	archiveVersion = 1;
	classes = {
	};
	objectVersion = 48;
	objects = {

/* Begin PBXBuildFile section */
		22E3F1CB204EDC5000FBF594 /* AppDelegate.swift in Sources */ = {isa = PBXBuildFile; fileRef = 22E3F1CA204EDC5000FBF594 /* AppDelegate.swift */; };
		22E3F1CD204EDC5000FBF594 /* ViewController.swift in Sources */ = {isa = PBXBuildFile; fileRef = 22E3F1CC204EDC5000FBF594 /* ViewController.swift */; };
		22E3F1D0204EDC5000FBF594 /* Main.storyboard in Resources */ = {isa = PBXBuildFile; fileRef = 22E3F1CE204EDC5000FBF594 /* Main.storyboard */; };
		22E3F1D2204EDC5000FBF594 /* Assets.xcassets in Resources */ = {isa = PBXBuildFile; fileRef = 22E3F1D1204EDC5000FBF594 /* Assets.xcassets */; };
		22E3F1D5204EDC5000FBF594 /* LaunchScreen.storyboard in Resources */ = {isa = PBXBuildFile; fileRef = 22E3F1D3204EDC5000FBF594 /* LaunchScreen.storyboard */; };
/* End PBXBuildFile section */

/* Begin PBXFileReference section */
		22E3F1C7204EDC5000FBF594 /* DispatchQueueTest.app */ = {isa = PBXFileReference; explicitFileType = wrapper.application; includeInIndex = 0; path = DispatchQueueTest.app; sourceTree = BUILT_PRODUCTS_DIR; };
		22E3F1CA204EDC5000FBF594 /* AppDelegate.swift */ = {isa = PBXFileReference; lastKnownFileType = sourcecode.swift; path = AppDelegate.swift; sourceTree = "<group>"; };
		22E3F1CC204EDC5000FBF594 /* ViewController.swift */ = {isa = PBXFileReference; lastKnownFileType = sourcecode.swift; path = ViewController.swift; sourceTree = "<group>"; };
		22E3F1CF204EDC5000FBF594 /* Base */ = {isa = PBXFileReference; lastKnownFileType = file.storyboard; name = Base; path = Base.lproj/Main.storyboard; sourceTree = "<group>"; };
		22E3F1D1204EDC5000FBF594 /* Assets.xcassets */ = {isa = PBXFileReference; lastKnownFileType = folder.assetcatalog; path = Assets.xcassets; sourceTree = "<group>"; };
		22E3F1D4204EDC5000FBF594 /* Base */ = {isa = PBXFileReference; lastKnownFileType = file.storyboard; name = Base; path = Base.lproj/LaunchScreen.storyboard; sourceTree = "<group>"; };
		22E3F1D6204EDC5000FBF594 /* Info.plist */ = {isa = PBXFileReference; lastKnownFileType = text.plist.xml; path = Info.plist; sourceTree = "<group>"; };
/* End PBXFileReference section */

/* Begin PBXFrameworksBuildPhase section */
		22E3F1C4204EDC5000FBF594 /* Frameworks */ = {
			isa = PBXFrameworksBuildPhase;
			buildActionMask = 2147483647;
			files = (
			);
			runOnlyForDeploymentPostprocessing = 0;
		};
/* End PBXFrameworksBuildPhase section */

/* Begin PBXGroup section */
		22E3F1BE204EDC5000FBF594 = {
			isa = PBXGroup;
			children = (
				22E3F1C9204EDC5000FBF594 /* DispatchQueueTest */,
				22E3F1C8204EDC5000FBF594 /* Products */,
			);
			sourceTree = "<group>";
		};
		22E3F1C8204EDC5000FBF594 /* Products */ = {
			isa = PBXGroup;
			children = (
				22E3F1C7204EDC5000FBF594 /* DispatchQueueTest.app */,
			);
			name = Products;
			sourceTree = "<group>";
		};
		22E3F1C9204EDC5000FBF594 /* DispatchQueueTest */ = {
			isa = PBXGroup;
			children = (
				22E3F1CA204EDC5000FBF594 /* AppDelegate.swift */,
				22E3F1CC204EDC5000FBF594 /* ViewController.swift */,
				22E3F1CE204EDC5000FBF594 /* Main.storyboard */,
				22E3F1D1204EDC5000FBF594 /* Assets.xcassets */,
				22E3F1D3204EDC5000FBF594 /* LaunchScreen.storyboard */,
				22E3F1D6204EDC5000FBF594 /* Info.plist */,
			);
			path = DispatchQueueTest;
			sourceTree = "<group>";
		};
/* End PBXGroup section */

/* Begin PBXNativeTarget section */
		22E3F1C6204EDC5000FBF594 /* DispatchQueueTest */ = {
			isa = PBXNativeTarget;
			buildConfigurationList = 22E3F1D9204EDC5000FBF594 /* Build configuration list for PBXNativeTarget "DispatchQueueTest" */;
			buildPhases = (
				22E3F1C3204EDC5000FBF594 /* Sources */,
				22E3F1C4204EDC5000FBF594 /* Frameworks */,
				22E3F1C5204EDC5000FBF594 /* Resources */,
			);
			buildRules = (
			);
			dependencies = (
			);
			name = DispatchQueueTest;
			productName = DispatchQueueTest;
			productReference = 22E3F1C7204EDC5000FBF594 /* DispatchQueueTest.app */;
			productType = "com.apple.product-type.application";
		};
/* End PBXNativeTarget section */

/* Begin PBXProject section */
		22E3F1BF204EDC5000FBF594 /* Project object */ = {
			isa = PBXProject;
			attributes = {
				LastSwiftUpdateCheck = 0910;
				LastUpgradeCheck = 0910;
				ORGANIZATIONNAME = SinkingSoul;
				TargetAttributes = {
					22E3F1C6204EDC5000FBF594 = {
						CreatedOnToolsVersion = 9.1;
						ProvisioningStyle = Automatic;
					};
				};
			};
			buildConfigurationList = 22E3F1C2204EDC5000FBF594 /* Build configuration list for PBXProject "DispatchQueueTest" */;
			compatibilityVersion = "Xcode 8.0";
			developmentRegion = en;
			hasScannedForEncodings = 0;
			knownRegions = (
				en,
				Base,
			);
			mainGroup = 22E3F1BE204EDC5000FBF594;
			productRefGroup = 22E3F1C8204EDC5000FBF594 /* Products */;
			projectDirPath = "";
			projectRoot = "";
			targets = (
				22E3F1C6204EDC5000FBF594 /* DispatchQueueTest */,
			);
		};
/* End PBXProject section */

/* Begin PBXResourcesBuildPhase section */
		22E3F1C5204EDC5000FBF594 /* Resources */ = {
			isa = PBXResourcesBuildPhase;
			buildActionMask = 2147483647;
			files = (
				22E3F1D5204EDC5000FBF594 /* LaunchScreen.storyboard in Resources */,
				22E3F1D2204EDC5000FBF594 /* Assets.xcassets in Resources */,
				22E3F1D0204EDC5000FBF594 /* Main.storyboard in Resources */,
			);
			runOnlyForDeploymentPostprocessing = 0;
		};
/* End PBXResourcesBuildPhase section */

/* Begin PBXSourcesBuildPhase section */
		22E3F1C3204EDC5000FBF594 /* Sources */ = {
			isa = PBXSourcesBuildPhase;
			buildActionMask = 2147483647;
			files = (
				22E3F1CD204EDC5000FBF594 /* ViewController.swift in Sources */,
				22E3F1CB204EDC5000FBF594 /* AppDelegate.swift in Sources */,
			);
			runOnlyForDeploymentPostprocessing = 0;
		};
/* End PBXSourcesBuildPhase section */

/* Begin PBXVariantGroup section */
		22E3F1CE204EDC5000FBF594 /* Main.storyboard */ = {
			isa = PBXVariantGroup;
			children = (
				22E3F1CF204EDC5000FBF594 /* Base */,
			);
			name = Main.storyboard;
			sourceTree = "<group>";
		};
		22E3F1D3204EDC5000FBF594 /* LaunchScreen.storyboard */ = {
			isa = PBXVariantGroup;
			children = (
				22E3F1D4204EDC5000FBF594 /* Base */,
			);
			name = LaunchScreen.storyboard;
			sourceTree = "<group>";
		};
/* End PBXVariantGroup section */

/* Begin XCBuildConfiguration section */
		22E3F1D7204EDC5000FBF594 /* Debug */ = {
			isa = XCBuildConfiguration;
			buildSettings = {
				ALWAYS_SEARCH_USER_PATHS = NO;
				CLANG_ANALYZER_NONNULL = YES;
				CLANG_ANALYZER_NUMBER_OBJECT_CONVERSION = YES_AGGRESSIVE;
				CLANG_CXX_LANGUAGE_STANDARD = "gnu++14";
				CLANG_CXX_LIBRARY = "libc++";
				CLANG_ENABLE_MODULES = YES;
				CLANG_ENABLE_OBJC_ARC = YES;
				CLANG_WARN_BLOCK_CAPTURE_AUTORELEASING = YES;
				CLANG_WARN_BOOL_CONVERSION = YES;
				CLANG_WARN_COMMA = YES;
				CLANG_WARN_CONSTANT_CONVERSION = YES;
				CLANG_WARN_DIRECT_OBJC_ISA_USAGE = YES_ERROR;
				CLANG_WARN_DOCUMENTATION_COMMENTS = YES;
				CLANG_WARN_EMPTY_BODY = YES;
				CLANG_WARN_ENUM_CONVERSION = YES;
				CLANG_WARN_INFINITE_RECURSION = YES;
				CLANG_WARN_INT_CONVERSION = YES;
				CLANG_WARN_NON_LITERAL_NULL_CONVERSION = YES;
				CLANG_WARN_OBJC_LITERAL_CONVERSION = YES;
				CLANG_WARN_OBJC_ROOT_CLASS = YES_ERROR;
				CLANG_WARN_RANGE_LOOP_ANALYSIS = YES;
				CLANG_WARN_STRICT_PROTOTYPES = YES;
				CLANG_WARN_SUSPICIOUS_MOVE = YES;
				CLANG_WARN_UNGUARDED_AVAILABILITY = YES_AGGRESSIVE;
				CLANG_WARN_UNREACHABLE_CODE = YES;
				CLANG_WARN__DUPLICATE_METHOD_MATCH = YES;
				CODE_SIGN_IDENTITY = "iPhone Developer";
				COPY_PHASE_STRIP = NO;
				DEBUG_INFORMATION_FORMAT = dwarf;
				ENABLE_STRICT_OBJC_MSGSEND = YES;
				ENABLE_TESTABILITY = YES;
				GCC_C_LANGUAGE_STANDARD = gnu11;
				GCC_DYNAMIC_NO_PIC = NO;
				GCC_NO_COMMON_BLOCKS = YES;
				GCC_OPTIMIZATION_LEVEL = 0;
				GCC_PREPROCESSOR_DEFINITIONS = (
					"DEBUG=1",
					"$(inherited)",
				);
				GCC_WARN_64_TO_32_BIT_CONVERSION = YES;
				GCC_WARN_ABOUT_RETURN_TYPE = YES_ERROR;
				GCC_WARN_UNDECLARED_SELECTOR = YES;
				GCC_WARN_UNINITIALIZED_AUTOS = YES_AGGRESSIVE;
				GCC_WARN_UNUSED_FUNCTION = YES;
				GCC_WARN_UNUSED_VARIABLE = YES;
				IPHONEOS_DEPLOYMENT_TARGET = 11.1;
				MTL_ENABLE_DEBUG_INFO = YES;
				ONLY_ACTIVE_ARCH = YES;
				SDKROOT = iphoneos;
				SWIFT_ACTIVE_COMPILATION_CONDITIONS = DEBUG;
				SWIFT_OPTIMIZATION_LEVEL = "-Onone";
			};
			name = Debug;
		};
		22E3F1D8204EDC5000FBF594 /* Release */ = {
			isa = XCBuildConfiguration;
			buildSettings = {
				ALWAYS_SEARCH_USER_PATHS = NO;
				CLANG_ANALYZER_NONNULL = YES;
				CLANG_ANALYZER_NUMBER_OBJECT_CONVERSION = YES_AGGRESSIVE;
				CLANG_CXX_LANGUAGE_STANDARD = "gnu++14";
				CLANG_CXX_LIBRARY = "libc++";
				CLANG_ENABLE_MODULES = YES;
				CLANG_ENABLE_OBJC_ARC = YES;
				CLANG_WARN_BLOCK_CAPTURE_AUTORELEASING = YES;
				CLANG_WARN_BOOL_CONVERSION = YES;
				CLANG_WARN_COMMA = YES;
				CLANG_WARN_CONSTANT_CONVERSION = YES;
				CLANG_WARN_DIRECT_OBJC_ISA_USAGE = YES_ERROR;
				CLANG_WARN_DOCUMENTATION_COMMENTS = YES;
				CLANG_WARN_EMPTY_BODY = YES;
				CLANG_WARN_ENUM_CONVERSION = YES;
				CLANG_WARN_INFINITE_RECURSION = YES;
				CLANG_WARN_INT_CONVERSION = YES;
				CLANG_WARN_NON_LITERAL_NULL_CONVERSION = YES;
				CLANG_WARN_OBJC_LITERAL_CONVERSION = YES;
				CLANG_WARN_OBJC_ROOT_CLASS = YES_ERROR;
				CLANG_WARN_RANGE_LOOP_ANALYSIS = YES;
				CLANG_WARN_STRICT_PROTOTYPES = YES;
				CLANG_WARN_SUSPICIOUS_MOVE = YES;
				CLANG_WARN_UNGUARDED_AVAILABILITY = YES_AGGRESSIVE;
				CLANG_WARN_UNREACHABLE_CODE = YES;
				CLANG_WARN__DUPLICATE_METHOD_MATCH = YES;
				CODE_SIGN_IDENTITY = "iPhone Developer";
				COPY_PHASE_STRIP = NO;
				DEBUG_INFORMATION_FORMAT = "dwarf-with-dsym";
				ENABLE_NS_ASSERTIONS = NO;
				ENABLE_STRICT_OBJC_MSGSEND = YES;
				GCC_C_LANGUAGE_STANDARD = gnu11;
				GCC_NO_COMMON_BLOCKS = YES;
				GCC_WARN_64_TO_32_BIT_CONVERSION = YES;
				GCC_WARN_ABOUT_RETURN_TYPE = YES_ERROR;
				GCC_WARN_UNDECLARED_SELECTOR = YES;
				GCC_WARN_UNINITIALIZED_AUTOS = YES_AGGRESSIVE;
				GCC_WARN_UNUSED_FUNCTION = YES;
				GCC_WARN_UNUSED_VARIABLE = YES;
				IPHONEOS_DEPLOYMENT_TARGET = 11.1;
				MTL_ENABLE_DEBUG_INFO = NO;
				SDKROOT = iphoneos;
				SWIFT_OPTIMIZATION_LEVEL = "-Owholemodule";
				VALIDATE_PRODUCT = YES;
			};
			name = Release;
		};
		22E3F1DA204EDC5000FBF594 /* Debug */ = {
			isa = XCBuildConfiguration;
			buildSettings = {
				ASSETCATALOG_COMPILER_APPICON_NAME = AppIcon;
				CODE_SIGN_STYLE = Automatic;
				DEVELOPMENT_TEAM = 8WBJVGLUJ4;
				INFOPLIST_FILE = DispatchQueueTest/Info.plist;
				LD_RUNPATH_SEARCH_PATHS = "$(inherited) @executable_path/Frameworks";
				PRODUCT_BUNDLE_IDENTIFIER = com.sinkingsoul.DispatchQueueTest;
				PRODUCT_NAME = "$(TARGET_NAME)";
				SWIFT_VERSION = 4.0;
				TARGETED_DEVICE_FAMILY = "1,2";
			};
			name = Debug;
		};
		22E3F1DB204EDC5000FBF594 /* Release */ = {
			isa = XCBuildConfiguration;
			buildSettings = {
				ASSETCATALOG_COMPILER_APPICON_NAME = AppIcon;
				CODE_SIGN_STYLE = Automatic;
				DEVELOPMENT_TEAM = 8WBJVGLUJ4;
				INFOPLIST_FILE = DispatchQueueTest/Info.plist;
				LD_RUNPATH_SEARCH_PATHS = "$(inherited) @executable_path/Frameworks";
				PRODUCT_BUNDLE_IDENTIFIER = com.sinkingsoul.DispatchQueueTest;
				PRODUCT_NAME = "$(TARGET_NAME)";
				SWIFT_VERSION = 4.0;
				TARGETED_DEVICE_FAMILY = "1,2";
			};
			name = Release;
		};
/* End XCBuildConfiguration section */

/* Begin XCConfigurationList section */
		22E3F1C2204EDC5000FBF594 /* Build configuration list for PBXProject "DispatchQueueTest" */ = {
			isa = XCConfigurationList;
			buildConfigurations = (
				22E3F1D7204EDC5000FBF594 /* Debug */,
				22E3F1D8204EDC5000FBF594 /* Release */,
			);
			defaultConfigurationIsVisible = 0;
			defaultConfigurationName = Release;
		};
		22E3F1D9204EDC5000FBF594 /* Build configuration list for PBXNativeTarget "DispatchQueueTest" */ = {
			isa = XCConfigurationList;
			buildConfigurations = (
				22E3F1DA204EDC5000FBF594 /* Debug */,
				22E3F1DB204EDC5000FBF594 /* Release */,
			);
			defaultConfigurationIsVisible = 0;
			defaultConfigurationName = Release;
		};
/* End XCConfigurationList section */
	};
	rootObject = 22E3F1BF204EDC5000FBF594 /* Project object */;
}
